// !$*UTF8*$!
{
	archiveVersion = 1;
	classes = {
	};
	objectVersion = 56;
	objects = {

/* Begin PBXBuildFile section */
		336BF81C29856C79008DF02A /* ProfileView.swift in Sources */ = {isa = PBXBuildFile; fileRef = 336BF81B29856C79008DF02A /* ProfileView.swift */; };
		336BF81F29857BE6008DF02A /* NotificationView.swift in Sources */ = {isa = PBXBuildFile; fileRef = 336BF81E29857BE6008DF02A /* NotificationView.swift */; };
		3387605129867AAE00A824EF /* Extension + String.swift in Sources */ = {isa = PBXBuildFile; fileRef = 3387605029867AAE00A824EF /* Extension + String.swift */; };
		3387605329867B7800A824EF /* PhoneNumberFormatter.swift in Sources */ = {isa = PBXBuildFile; fileRef = 3387605229867B7800A824EF /* PhoneNumberFormatter.swift */; };
		338A227229857C5300B18283 /* NotficationsViewModel.swift in Sources */ = {isa = PBXBuildFile; fileRef = 338A227129857C5300B18283 /* NotficationsViewModel.swift */; };
		338A227529857C8700B18283 /* Setting.swift in Sources */ = {isa = PBXBuildFile; fileRef = 338A227429857C8700B18283 /* Setting.swift */; };
		338A22772985801A00B18283 /* Furniture.swift in Sources */ = {isa = PBXBuildFile; fileRef = 338A22762985801A00B18283 /* Furniture.swift */; };
		338A227A2985807400B18283 /* ProductsView.swift in Sources */ = {isa = PBXBuildFile; fileRef = 338A22792985807400B18283 /* ProductsView.swift */; };
		338A227C2985808C00B18283 /* ProductsViewModel.swift in Sources */ = {isa = PBXBuildFile; fileRef = 338A227B2985808C00B18283 /* ProductsViewModel.swift */; };
		338A227F298580D400B18283 /* FiltersView.swift in Sources */ = {isa = PBXBuildFile; fileRef = 338A227E298580D400B18283 /* FiltersView.swift */; };
		338A2281298580DE00B18283 /* FiltersViewModel.swift in Sources */ = {isa = PBXBuildFile; fileRef = 338A2280298580DE00B18283 /* FiltersViewModel.swift */; };
		338A22842985812200B18283 /* MainTabBarView.swift in Sources */ = {isa = PBXBuildFile; fileRef = 338A22832985812200B18283 /* MainTabBarView.swift */; };
		33B9B1F329756D5000AD2D34 /* Swift_AlertApp.swift in Sources */ = {isa = PBXBuildFile; fileRef = 33B9B1F229756D5000AD2D34 /* Swift_AlertApp.swift */; };
		33B9B1F529756D5000AD2D34 /* StartView.swift in Sources */ = {isa = PBXBuildFile; fileRef = 33B9B1F429756D5000AD2D34 /* StartView.swift */; };
		33B9B1F729756D5200AD2D34 /* Assets.xcassets in Resources */ = {isa = PBXBuildFile; fileRef = 33B9B1F629756D5200AD2D34 /* Assets.xcassets */; };
		33B9B1FA29756D5200AD2D34 /* Preview Assets.xcassets in Resources */ = {isa = PBXBuildFile; fileRef = 33B9B1F929756D5200AD2D34 /* Preview Assets.xcassets */; };
		33ECB36F2982D4C80048A4BE /* DetailView.swift in Sources */ = {isa = PBXBuildFile; fileRef = 33ECB36E2982D4C80048A4BE /* DetailView.swift */; };
		33ECB3722982D5A60048A4BE /* DetailViewModel.swift in Sources */ = {isa = PBXBuildFile; fileRef = 33ECB3712982D5A60048A4BE /* DetailViewModel.swift */; };
		33ECB3752982D7A30048A4BE /* AuthenticationView.swift in Sources */ = {isa = PBXBuildFile; fileRef = 33ECB3742982D7A30048A4BE /* AuthenticationView.swift */; };
		33ECB3782982D8130048A4BE /* AuthenticationViewModel.swift in Sources */ = {isa = PBXBuildFile; fileRef = 33ECB3772982D8130048A4BE /* AuthenticationViewModel.swift */; };
		33ECB37A2982D8330048A4BE /* VerificationView.swift in Sources */ = {isa = PBXBuildFile; fileRef = 33ECB3792982D8330048A4BE /* VerificationView.swift */; };
		33ECB37C2982D84A0048A4BE /* VerificationViewModel.swift in Sources */ = {isa = PBXBuildFile; fileRef = 33ECB37B2982D84A0048A4BE /* VerificationViewModel.swift */; };
		33ECB37E2982D87B0048A4BE /* Extension + View.swift in Sources */ = {isa = PBXBuildFile; fileRef = 33ECB37D2982D87B0048A4BE /* Extension + View.swift */; };
/* End PBXBuildFile section */

/* Begin PBXFileReference section */
		336BF81B29856C79008DF02A /* ProfileView.swift */ = {isa = PBXFileReference; lastKnownFileType = sourcecode.swift; path = ProfileView.swift; sourceTree = "<group>"; };
		336BF81E29857BE6008DF02A /* NotificationView.swift */ = {isa = PBXFileReference; lastKnownFileType = sourcecode.swift; path = NotificationView.swift; sourceTree = "<group>"; };
		3387605029867AAE00A824EF /* Extension + String.swift */ = {isa = PBXFileReference; lastKnownFileType = sourcecode.swift; path = "Extension + String.swift"; sourceTree = "<group>"; };
		3387605229867B7800A824EF /* PhoneNumberFormatter.swift */ = {isa = PBXFileReference; lastKnownFileType = sourcecode.swift; path = PhoneNumberFormatter.swift; sourceTree = "<group>"; };
		338A227129857C5300B18283 /* NotficationsViewModel.swift */ = {isa = PBXFileReference; lastKnownFileType = sourcecode.swift; path = NotficationsViewModel.swift; sourceTree = "<group>"; };
		338A227429857C8700B18283 /* Setting.swift */ = {isa = PBXFileReference; lastKnownFileType = sourcecode.swift; path = Setting.swift; sourceTree = "<group>"; };
		338A22762985801A00B18283 /* Furniture.swift */ = {isa = PBXFileReference; lastKnownFileType = sourcecode.swift; path = Furniture.swift; sourceTree = "<group>"; };
		338A22792985807400B18283 /* ProductsView.swift */ = {isa = PBXFileReference; lastKnownFileType = sourcecode.swift; path = ProductsView.swift; sourceTree = "<group>"; };
		338A227B2985808C00B18283 /* ProductsViewModel.swift */ = {isa = PBXFileReference; lastKnownFileType = sourcecode.swift; path = ProductsViewModel.swift; sourceTree = "<group>"; };
		338A227E298580D400B18283 /* FiltersView.swift */ = {isa = PBXFileReference; lastKnownFileType = sourcecode.swift; path = FiltersView.swift; sourceTree = "<group>"; };
		338A2280298580DE00B18283 /* FiltersViewModel.swift */ = {isa = PBXFileReference; lastKnownFileType = sourcecode.swift; path = FiltersViewModel.swift; sourceTree = "<group>"; };
		338A22832985812200B18283 /* MainTabBarView.swift */ = {isa = PBXFileReference; lastKnownFileType = sourcecode.swift; path = MainTabBarView.swift; sourceTree = "<group>"; };
		33B9B1EF29756D5000AD2D34 /* Swift_Alert.app */ = {isa = PBXFileReference; explicitFileType = wrapper.application; includeInIndex = 0; path = Swift_Alert.app; sourceTree = BUILT_PRODUCTS_DIR; };
		33B9B1F229756D5000AD2D34 /* Swift_AlertApp.swift */ = {isa = PBXFileReference; lastKnownFileType = sourcecode.swift; path = Swift_AlertApp.swift; sourceTree = "<group>"; };
		33B9B1F429756D5000AD2D34 /* StartView.swift */ = {isa = PBXFileReference; lastKnownFileType = sourcecode.swift; path = StartView.swift; sourceTree = "<group>"; };
		33B9B1F629756D5200AD2D34 /* Assets.xcassets */ = {isa = PBXFileReference; lastKnownFileType = folder.assetcatalog; path = Assets.xcassets; sourceTree = "<group>"; };
		33B9B1F929756D5200AD2D34 /* Preview Assets.xcassets */ = {isa = PBXFileReference; lastKnownFileType = folder.assetcatalog; path = "Preview Assets.xcassets"; sourceTree = "<group>"; };
		33ECB36E2982D4C80048A4BE /* DetailView.swift */ = {isa = PBXFileReference; lastKnownFileType = sourcecode.swift; path = DetailView.swift; sourceTree = "<group>"; };
		33ECB3712982D5A60048A4BE /* DetailViewModel.swift */ = {isa = PBXFileReference; lastKnownFileType = sourcecode.swift; path = DetailViewModel.swift; sourceTree = "<group>"; };
		33ECB3742982D7A30048A4BE /* AuthenticationView.swift */ = {isa = PBXFileReference; lastKnownFileType = sourcecode.swift; path = AuthenticationView.swift; sourceTree = "<group>"; };
		33ECB3772982D8130048A4BE /* AuthenticationViewModel.swift */ = {isa = PBXFileReference; lastKnownFileType = sourcecode.swift; path = AuthenticationViewModel.swift; sourceTree = "<group>"; };
		33ECB3792982D8330048A4BE /* VerificationView.swift */ = {isa = PBXFileReference; lastKnownFileType = sourcecode.swift; path = VerificationView.swift; sourceTree = "<group>"; };
		33ECB37B2982D84A0048A4BE /* VerificationViewModel.swift */ = {isa = PBXFileReference; lastKnownFileType = sourcecode.swift; path = VerificationViewModel.swift; sourceTree = "<group>"; };
		33ECB37D2982D87B0048A4BE /* Extension + View.swift */ = {isa = PBXFileReference; lastKnownFileType = sourcecode.swift; path = "Extension + View.swift"; sourceTree = "<group>"; };
/* End PBXFileReference section */

/* Begin PBXFrameworksBuildPhase section */
		33B9B1EC29756D5000AD2D34 /* Frameworks */ = {
			isa = PBXFrameworksBuildPhase;
			buildActionMask = 2147483647;
			files = (
			);
			runOnlyForDeploymentPostprocessing = 0;
		};
/* End PBXFrameworksBuildPhase section */

/* Begin PBXGroup section */
		336BF81A29856C51008DF02A /* ProfileView */ = {
			isa = PBXGroup;
			children = (
				336BF81B29856C79008DF02A /* ProfileView.swift */,
			);
			path = ProfileView;
			sourceTree = "<group>";
		};
		336BF81D29857BD1008DF02A /* NotificationsView */ = {
			isa = PBXGroup;
			children = (
				336BF81E29857BE6008DF02A /* NotificationView.swift */,
				338A227129857C5300B18283 /* NotficationsViewModel.swift */,
			);
			path = NotificationsView;
			sourceTree = "<group>";
		};
		337CA69E2982FBAD00903CDE /* Extension */ = {
			isa = PBXGroup;
			children = (
				33ECB37D2982D87B0048A4BE /* Extension + View.swift */,
				3387605029867AAE00A824EF /* Extension + String.swift */,
			);
			path = Extension;
			sourceTree = "<group>";
		};
		338A227329857C7F00B18283 /* Model */ = {
			isa = PBXGroup;
			children = (
				338A227429857C8700B18283 /* Setting.swift */,
				338A22762985801A00B18283 /* Furniture.swift */,
			);
			path = Model;
			sourceTree = "<group>";
		};
		338A22782985806300B18283 /* ProductsView */ = {
			isa = PBXGroup;
			children = (
				338A22792985807400B18283 /* ProductsView.swift */,
				338A227B2985808C00B18283 /* ProductsViewModel.swift */,
			);
			path = ProductsView;
			sourceTree = "<group>";
		};
		338A227D298580C700B18283 /* FiltersView */ = {
			isa = PBXGroup;
			children = (
				338A227E298580D400B18283 /* FiltersView.swift */,
				338A2280298580DE00B18283 /* FiltersViewModel.swift */,
			);
			path = FiltersView;
			sourceTree = "<group>";
		};
		338A22822985811400B18283 /* MainTabBarView */ = {
			isa = PBXGroup;
			children = (
				338A22832985812200B18283 /* MainTabBarView.swift */,
			);
			path = MainTabBarView;
			sourceTree = "<group>";
		};
		33A2579F2982BA4B001A81A7 /* StartView */ = {
			isa = PBXGroup;
			children = (
				33B9B1F429756D5000AD2D34 /* StartView.swift */,
			);
			path = StartView;
			sourceTree = "<group>";
		};
		33B9B1E629756D5000AD2D34 = {
			isa = PBXGroup;
			children = (
				33B9B1F129756D5000AD2D34 /* Swift_Alert */,
				33B9B1F029756D5000AD2D34 /* Products */,
			);
			sourceTree = "<group>";
		};
		33B9B1F029756D5000AD2D34 /* Products */ = {
			isa = PBXGroup;
			children = (
				33B9B1EF29756D5000AD2D34 /* Swift_Alert.app */,
			);
			name = Products;
			sourceTree = "<group>";
		};
		33B9B1F129756D5000AD2D34 /* Swift_Alert */ = {
			isa = PBXGroup;
			children = (
				33B9B1F229756D5000AD2D34 /* Swift_AlertApp.swift */,
				338A227329857C7F00B18283 /* Model */,
				337CA69E2982FBAD00903CDE /* Extension */,
				338A22822985811400B18283 /* MainTabBarView */,
				33A2579F2982BA4B001A81A7 /* StartView */,
				33ECB3702982D58B0048A4BE /* DetailView */,
				33ECB3732982D78A0048A4BE /* AuthenticationView */,
				33ECB3762982D7ED0048A4BE /* VerificationView */,
				336BF81A29856C51008DF02A /* ProfileView */,
				336BF81D29857BD1008DF02A /* NotificationsView */,
				338A22782985806300B18283 /* ProductsView */,
				338A227D298580C700B18283 /* FiltersView */,
				33B9B1F629756D5200AD2D34 /* Assets.xcassets */,
				33B9B1F829756D5200AD2D34 /* Preview Content */,
			);
			path = Swift_Alert;
			sourceTree = "<group>";
		};
		33B9B1F829756D5200AD2D34 /* Preview Content */ = {
			isa = PBXGroup;
			children = (
				33B9B1F929756D5200AD2D34 /* Preview Assets.xcassets */,
			);
			path = "Preview Content";
			sourceTree = "<group>";
		};
		33ECB3702982D58B0048A4BE /* DetailView */ = {
			isa = PBXGroup;
			children = (
				33ECB36E2982D4C80048A4BE /* DetailView.swift */,
				33ECB3712982D5A60048A4BE /* DetailViewModel.swift */,
			);
			path = DetailView;
			sourceTree = "<group>";
		};
		33ECB3732982D78A0048A4BE /* AuthenticationView */ = {
			isa = PBXGroup;
			children = (
				3387605229867B7800A824EF /* PhoneNumberFormatter.swift */,
				33ECB3742982D7A30048A4BE /* AuthenticationView.swift */,
				33ECB3772982D8130048A4BE /* AuthenticationViewModel.swift */,
			);
			path = AuthenticationView;
			sourceTree = "<group>";
		};
		33ECB3762982D7ED0048A4BE /* VerificationView */ = {
			isa = PBXGroup;
			children = (
				33ECB3792982D8330048A4BE /* VerificationView.swift */,
				33ECB37B2982D84A0048A4BE /* VerificationViewModel.swift */,
			);
			path = VerificationView;
			sourceTree = "<group>";
		};
/* End PBXGroup section */

/* Begin PBXNativeTarget section */
		33B9B1EE29756D5000AD2D34 /* Swift_Alert */ = {
			isa = PBXNativeTarget;
			buildConfigurationList = 33B9B1FD29756D5200AD2D34 /* Build configuration list for PBXNativeTarget "Swift_Alert" */;
			buildPhases = (
				33B9B1EB29756D5000AD2D34 /* Sources */,
				33B9B1EC29756D5000AD2D34 /* Frameworks */,
				33B9B1ED29756D5000AD2D34 /* Resources */,
				33A257A02982C430001A81A7 /* Swift Formatter */,
				33A257A12982C43C001A81A7 /* Swift Lint */,
			);
			buildRules = (
			);
			dependencies = (
			);
			name = Swift_Alert;
			productName = Swift_Alert;
			productReference = 33B9B1EF29756D5000AD2D34 /* Swift_Alert.app */;
			productType = "com.apple.product-type.application";
		};
/* End PBXNativeTarget section */

/* Begin PBXProject section */
		33B9B1E729756D5000AD2D34 /* Project object */ = {
			isa = PBXProject;
			attributes = {
				BuildIndependentTargetsInParallel = 1;
				LastSwiftUpdateCheck = 1410;
				LastUpgradeCheck = 1410;
				TargetAttributes = {
					33B9B1EE29756D5000AD2D34 = {
						CreatedOnToolsVersion = 14.1;
					};
				};
			};
			buildConfigurationList = 33B9B1EA29756D5000AD2D34 /* Build configuration list for PBXProject "Swift_Alert" */;
			compatibilityVersion = "Xcode 14.0";
			developmentRegion = en;
			hasScannedForEncodings = 0;
			knownRegions = (
				en,
				Base,
			);
			mainGroup = 33B9B1E629756D5000AD2D34;
			productRefGroup = 33B9B1F029756D5000AD2D34 /* Products */;
			projectDirPath = "";
			projectRoot = "";
			targets = (
				33B9B1EE29756D5000AD2D34 /* Swift_Alert */,
			);
		};
/* End PBXProject section */

/* Begin PBXResourcesBuildPhase section */
		33B9B1ED29756D5000AD2D34 /* Resources */ = {
			isa = PBXResourcesBuildPhase;
			buildActionMask = 2147483647;
			files = (
				33B9B1FA29756D5200AD2D34 /* Preview Assets.xcassets in Resources */,
				33B9B1F729756D5200AD2D34 /* Assets.xcassets in Resources */,
			);
			runOnlyForDeploymentPostprocessing = 0;
		};
/* End PBXResourcesBuildPhase section */

/* Begin PBXShellScriptBuildPhase section */
		33A257A02982C430001A81A7 /* Swift Formatter */ = {
			isa = PBXShellScriptBuildPhase;
			buildActionMask = 2147483647;
			files = (
			);
			inputFileListPaths = (
			);
			inputPaths = (
			);
			name = "Swift Formatter";
			outputFileListPaths = (
			);
			outputPaths = (
			);
			runOnlyForDeploymentPostprocessing = 0;
			shellPath = /bin/sh;
			shellScript = "if which swiftformat >/dev/null; then\n  swiftformat .\nelse\n  echo \"warning: SwiftFormat not installed, download from https://github.com/nicklockwood/SwiftFormat\"\nfi\n";
		};
		33A257A12982C43C001A81A7 /* Swift Lint */ = {
			isa = PBXShellScriptBuildPhase;
			buildActionMask = 2147483647;
			files = (
			);
			inputFileListPaths = (
			);
			inputPaths = (
			);
			name = "Swift Lint";
			outputFileListPaths = (
			);
			outputPaths = (
			);
			runOnlyForDeploymentPostprocessing = 0;
			shellPath = /bin/sh;
			shellScript = "if which swiftlint > /dev/null; then\n  swiftlint\nelse\n  echo \"warning: SwiftLint not installed, download from https://github.com/realm/SwiftLint\"\nfi\n\n";
		};
/* End PBXShellScriptBuildPhase section */

/* Begin PBXSourcesBuildPhase section */
		33B9B1EB29756D5000AD2D34 /* Sources */ = {
			isa = PBXSourcesBuildPhase;
			buildActionMask = 2147483647;
			files = (
				33ECB3782982D8130048A4BE /* AuthenticationViewModel.swift in Sources */,
				33ECB37E2982D87B0048A4BE /* Extension + View.swift in Sources */,
				338A227C2985808C00B18283 /* ProductsViewModel.swift in Sources */,
				338A22842985812200B18283 /* MainTabBarView.swift in Sources */,
				336BF81C29856C79008DF02A /* ProfileView.swift in Sources */,
				336BF81F29857BE6008DF02A /* NotificationView.swift in Sources */,
				338A227529857C8700B18283 /* Setting.swift in Sources */,
				338A227F298580D400B18283 /* FiltersView.swift in Sources */,
				33B9B1F529756D5000AD2D34 /* StartView.swift in Sources */,
				338A22772985801A00B18283 /* Furniture.swift in Sources */,
				33ECB36F2982D4C80048A4BE /* DetailView.swift in Sources */,
				33B9B1F329756D5000AD2D34 /* Swift_AlertApp.swift in Sources */,
				338A227229857C5300B18283 /* NotficationsViewModel.swift in Sources */,
				3387605129867AAE00A824EF /* Extension + String.swift in Sources */,
				33ECB3722982D5A60048A4BE /* DetailViewModel.swift in Sources */,
				33ECB37C2982D84A0048A4BE /* VerificationViewModel.swift in Sources */,
				33ECB3752982D7A30048A4BE /* AuthenticationView.swift in Sources */,
				33ECB37A2982D8330048A4BE /* VerificationView.swift in Sources */,
				338A2281298580DE00B18283 /* FiltersViewModel.swift in Sources */,
				3387605329867B7800A824EF /* PhoneNumberFormatter.swift in Sources */,
				338A227A2985807400B18283 /* ProductsView.swift in Sources */,
			);
			runOnlyForDeploymentPostprocessing = 0;
		};
/* End PBXSourcesBuildPhase section */

/* Begin XCBuildConfiguration section */
		33B9B1FB29756D5200AD2D34 /* Debug */ = {
			isa = XCBuildConfiguration;
			buildSettings = {
				ALWAYS_SEARCH_USER_PATHS = NO;
				CLANG_ANALYZER_NONNULL = YES;
				CLANG_ANALYZER_NUMBER_OBJECT_CONVERSION = YES_AGGRESSIVE;
				CLANG_CXX_LANGUAGE_STANDARD = "gnu++20";
				CLANG_ENABLE_MODULES = YES;
				CLANG_ENABLE_OBJC_ARC = YES;
				CLANG_ENABLE_OBJC_WEAK = YES;
				CLANG_WARN_BLOCK_CAPTURE_AUTORELEASING = YES;
				CLANG_WARN_BOOL_CONVERSION = YES;
				CLANG_WARN_COMMA = YES;
				CLANG_WARN_CONSTANT_CONVERSION = YES;
				CLANG_WARN_DEPRECATED_OBJC_IMPLEMENTATIONS = YES;
				CLANG_WARN_DIRECT_OBJC_ISA_USAGE = YES_ERROR;
				CLANG_WARN_DOCUMENTATION_COMMENTS = YES;
				CLANG_WARN_EMPTY_BODY = YES;
				CLANG_WARN_ENUM_CONVERSION = YES;
				CLANG_WARN_INFINITE_RECURSION = YES;
				CLANG_WARN_INT_CONVERSION = YES;
				CLANG_WARN_NON_LITERAL_NULL_CONVERSION = YES;
				CLANG_WARN_OBJC_IMPLICIT_RETAIN_SELF = YES;
				CLANG_WARN_OBJC_LITERAL_CONVERSION = YES;
				CLANG_WARN_OBJC_ROOT_CLASS = YES_ERROR;
				CLANG_WARN_QUOTED_INCLUDE_IN_FRAMEWORK_HEADER = YES;
				CLANG_WARN_RANGE_LOOP_ANALYSIS = YES;
				CLANG_WARN_STRICT_PROTOTYPES = YES;
				CLANG_WARN_SUSPICIOUS_MOVE = YES;
				CLANG_WARN_UNGUARDED_AVAILABILITY = YES_AGGRESSIVE;
				CLANG_WARN_UNREACHABLE_CODE = YES;
				CLANG_WARN__DUPLICATE_METHOD_MATCH = YES;
				COPY_PHASE_STRIP = NO;
				DEBUG_INFORMATION_FORMAT = dwarf;
				ENABLE_STRICT_OBJC_MSGSEND = YES;
				ENABLE_TESTABILITY = YES;
				GCC_C_LANGUAGE_STANDARD = gnu11;
				GCC_DYNAMIC_NO_PIC = NO;
				GCC_NO_COMMON_BLOCKS = YES;
				GCC_OPTIMIZATION_LEVEL = 0;
				GCC_PREPROCESSOR_DEFINITIONS = (
					"DEBUG=1",
					"$(inherited)",
				);
				GCC_WARN_64_TO_32_BIT_CONVERSION = YES;
				GCC_WARN_ABOUT_RETURN_TYPE = YES_ERROR;
				GCC_WARN_UNDECLARED_SELECTOR = YES;
				GCC_WARN_UNINITIALIZED_AUTOS = YES_AGGRESSIVE;
				GCC_WARN_UNUSED_FUNCTION = YES;
				GCC_WARN_UNUSED_VARIABLE = YES;
				IPHONEOS_DEPLOYMENT_TARGET = 15.0;
				MTL_ENABLE_DEBUG_INFO = INCLUDE_SOURCE;
				MTL_FAST_MATH = YES;
				ONLY_ACTIVE_ARCH = YES;
				SDKROOT = iphoneos;
				SWIFT_ACTIVE_COMPILATION_CONDITIONS = DEBUG;
				SWIFT_OPTIMIZATION_LEVEL = "-Onone";
			};
			name = Debug;
		};
		33B9B1FC29756D5200AD2D34 /* Release */ = {
			isa = XCBuildConfiguration;
			buildSettings = {
				ALWAYS_SEARCH_USER_PATHS = NO;
				CLANG_ANALYZER_NONNULL = YES;
				CLANG_ANALYZER_NUMBER_OBJECT_CONVERSION = YES_AGGRESSIVE;
				CLANG_CXX_LANGUAGE_STANDARD = "gnu++20";
				CLANG_ENABLE_MODULES = YES;
				CLANG_ENABLE_OBJC_ARC = YES;
				CLANG_ENABLE_OBJC_WEAK = YES;
				CLANG_WARN_BLOCK_CAPTURE_AUTORELEASING = YES;
				CLANG_WARN_BOOL_CONVERSION = YES;
				CLANG_WARN_COMMA = YES;
				CLANG_WARN_CONSTANT_CONVERSION = YES;
				CLANG_WARN_DEPRECATED_OBJC_IMPLEMENTATIONS = YES;
				CLANG_WARN_DIRECT_OBJC_ISA_USAGE = YES_ERROR;
				CLANG_WARN_DOCUMENTATION_COMMENTS = YES;
				CLANG_WARN_EMPTY_BODY = YES;
				CLANG_WARN_ENUM_CONVERSION = YES;
				CLANG_WARN_INFINITE_RECURSION = YES;
				CLANG_WARN_INT_CONVERSION = YES;
				CLANG_WARN_NON_LITERAL_NULL_CONVERSION = YES;
				CLANG_WARN_OBJC_IMPLICIT_RETAIN_SELF = YES;
				CLANG_WARN_OBJC_LITERAL_CONVERSION = YES;
				CLANG_WARN_OBJC_ROOT_CLASS = YES_ERROR;
				CLANG_WARN_QUOTED_INCLUDE_IN_FRAMEWORK_HEADER = YES;
				CLANG_WARN_RANGE_LOOP_ANALYSIS = YES;
				CLANG_WARN_STRICT_PROTOTYPES = YES;
				CLANG_WARN_SUSPICIOUS_MOVE = YES;
				CLANG_WARN_UNGUARDED_AVAILABILITY = YES_AGGRESSIVE;
				CLANG_WARN_UNREACHABLE_CODE = YES;
				CLANG_WARN__DUPLICATE_METHOD_MATCH = YES;
				COPY_PHASE_STRIP = NO;
				DEBUG_INFORMATION_FORMAT = "dwarf-with-dsym";
				ENABLE_NS_ASSERTIONS = NO;
				ENABLE_STRICT_OBJC_MSGSEND = YES;
				GCC_C_LANGUAGE_STANDARD = gnu11;
				GCC_NO_COMMON_BLOCKS = YES;
				GCC_WARN_64_TO_32_BIT_CONVERSION = YES;
				GCC_WARN_ABOUT_RETURN_TYPE = YES_ERROR;
				GCC_WARN_UNDECLARED_SELECTOR = YES;
				GCC_WARN_UNINITIALIZED_AUTOS = YES_AGGRESSIVE;
				GCC_WARN_UNUSED_FUNCTION = YES;
				GCC_WARN_UNUSED_VARIABLE = YES;
				IPHONEOS_DEPLOYMENT_TARGET = 15.0;
				MTL_ENABLE_DEBUG_INFO = NO;
				MTL_FAST_MATH = YES;
				SDKROOT = iphoneos;
				SWIFT_COMPILATION_MODE = wholemodule;
				SWIFT_OPTIMIZATION_LEVEL = "-O";
				VALIDATE_PRODUCT = YES;
			};
			name = Release;
		};
		33B9B1FE29756D5200AD2D34 /* Debug */ = {
			isa = XCBuildConfiguration;
			buildSettings = {
				ASSETCATALOG_COMPILER_APPICON_NAME = AppIcon;
				ASSETCATALOG_COMPILER_GLOBAL_ACCENT_COLOR_NAME = AccentColor;
				CODE_SIGN_STYLE = Automatic;
				CURRENT_PROJECT_VERSION = 1;
				DEVELOPMENT_ASSET_PATHS = "\"Swift_Alert/Preview Content\"";
				ENABLE_PREVIEWS = YES;
				GENERATE_INFOPLIST_FILE = YES;
				INFOPLIST_KEY_UIApplicationSceneManifest_Generation = YES;
				INFOPLIST_KEY_UIApplicationSupportsIndirectInputEvents = YES;
				INFOPLIST_KEY_UILaunchScreen_Generation = YES;
				INFOPLIST_KEY_UISupportedInterfaceOrientations_iPad = "UIInterfaceOrientationPortrait UIInterfaceOrientationPortraitUpsideDown UIInterfaceOrientationLandscapeLeft UIInterfaceOrientationLandscapeRight";
				INFOPLIST_KEY_UISupportedInterfaceOrientations_iPhone = "UIInterfaceOrientationPortrait UIInterfaceOrientationLandscapeLeft UIInterfaceOrientationLandscapeRight";
				IPHONEOS_DEPLOYMENT_TARGET = 15.0;
				LD_RUNPATH_SEARCH_PATHS = (
					"$(inherited)",
					"@executable_path/Frameworks",
				);
				MARKETING_VERSION = 1.0;
				PRODUCT_BUNDLE_IDENTIFIER = "-.Swift-Alert";
				PRODUCT_NAME = "$(TARGET_NAME)";
				SWIFT_EMIT_LOC_STRINGS = YES;
				SWIFT_VERSION = 5.0;
				TARGETED_DEVICE_FAMILY = "1,2";
			};
			name = Debug;
		};
		33B9B1FF29756D5200AD2D34 /* Release */ = {
			isa = XCBuildConfiguration;
			buildSettings = {
				ASSETCATALOG_COMPILER_APPICON_NAME = AppIcon;
				ASSETCATALOG_COMPILER_GLOBAL_ACCENT_COLOR_NAME = AccentColor;
				CODE_SIGN_STYLE = Automatic;
				CURRENT_PROJECT_VERSION = 1;
				DEVELOPMENT_ASSET_PATHS = "\"Swift_Alert/Preview Content\"";
				ENABLE_PREVIEWS = YES;
				GENERATE_INFOPLIST_FILE = YES;
				INFOPLIST_KEY_UIApplicationSceneManifest_Generation = YES;
				INFOPLIST_KEY_UIApplicationSupportsIndirectInputEvents = YES;
				INFOPLIST_KEY_UILaunchScreen_Generation = YES;
				INFOPLIST_KEY_UISupportedInterfaceOrientations_iPad = "UIInterfaceOrientationPortrait UIInterfaceOrientationPortraitUpsideDown UIInterfaceOrientationLandscapeLeft UIInterfaceOrientationLandscapeRight";
				INFOPLIST_KEY_UISupportedInterfaceOrientations_iPhone = "UIInterfaceOrientationPortrait UIInterfaceOrientationLandscapeLeft UIInterfaceOrientationLandscapeRight";
				IPHONEOS_DEPLOYMENT_TARGET = 15.0;
				LD_RUNPATH_SEARCH_PATHS = (
					"$(inherited)",
					"@executable_path/Frameworks",
				);
				MARKETING_VERSION = 1.0;
				PRODUCT_BUNDLE_IDENTIFIER = "-.Swift-Alert";
				PRODUCT_NAME = "$(TARGET_NAME)";
				SWIFT_EMIT_LOC_STRINGS = YES;
				SWIFT_VERSION = 5.0;
				TARGETED_DEVICE_FAMILY = "1,2";
			};
			name = Release;
		};
/* End XCBuildConfiguration section */

/* Begin XCConfigurationList section */
		33B9B1EA29756D5000AD2D34 /* Build configuration list for PBXProject "Swift_Alert" */ = {
			isa = XCConfigurationList;
			buildConfigurations = (
				33B9B1FB29756D5200AD2D34 /* Debug */,
				33B9B1FC29756D5200AD2D34 /* Release */,
			);
			defaultConfigurationIsVisible = 0;
			defaultConfigurationName = Release;
		};
		33B9B1FD29756D5200AD2D34 /* Build configuration list for PBXNativeTarget "Swift_Alert" */ = {
			isa = XCConfigurationList;
			buildConfigurations = (
				33B9B1FE29756D5200AD2D34 /* Debug */,
				33B9B1FF29756D5200AD2D34 /* Release */,
			);
			defaultConfigurationIsVisible = 0;
			defaultConfigurationName = Release;
		};
/* End XCConfigurationList section */
	};
	rootObject = 33B9B1E729756D5000AD2D34 /* Project object */;
}
